
Microsoft Visual Studio Solution File, Format Version 12.00
# Visual Studio Express 2013 for Windows Desktop
VisualStudioVersion = 12.0.40629.0
MinimumVisualStudioVersion = 10.0.40219.1
Project("{FAE04EC0-301F-11D3-BF4B-00C04F79EFBC}") = "ModifiersForTypesAndAtributes", "ModifiersForTypesAndAtributes\ModifiersForTypesAndAtributes.csproj", "{99706595-D4F5-4379-A582-C06641360DBC}"
EndProject
Project("{FAE04EC0-301F-11D3-BF4B-00C04F79EFBC}") = "AssemblyTwo", "ClassLibrary1\AssemblyTwo.csproj", "{52C29B29-F285-4F03-A0BF-11857405C823}"
EndProject
Project("{FAE04EC0-301F-11D3-BF4B-00C04F79EFBC}") = "AssemblyOne", "AssemblyOne\AssemblyOne.csproj", "{4EBE3905-AD9F-41AA-89BA-2AA9F2A2B371}"
EndProject
Global
	GlobalSection(SolutionConfigurationPlatforms) = preSolution
		Debug|Any CPU = Debug|Any CPU
		Release|Any CPU = Release|Any CPU
	EndGlobalSection
	GlobalSection(ProjectConfigurationPlatforms) = postSolution
		{99706595-D4F5-4379-A582-C06641360DBC}.Debug|Any CPU.ActiveCfg = Debug|Any CPU
		{99706595-D4F5-4379-A582-C06641360DBC}.Debug|Any CPU.Build.0 = Debug|Any CPU
		{99706595-D4F5-4379-A582-C06641360DBC}.Release|Any CPU.ActiveCfg = Release|Any CPU
		{99706595-D4F5-4379-A582-C06641360DBC}.Release|Any CPU.Build.0 = Release|Any CPU
		{52C29B29-F285-4F03-A0BF-11857405C823}.Debug|Any CPU.ActiveCfg = Debug|Any CPU
		{52C29B29-F285-4F03-A0BF-11857405C823}.Debug|Any CPU.Build.0 = Debug|Any CPU
		{52C29B29-F285-4F03-A0BF-11857405C823}.Release|Any CPU.ActiveCfg = Release|Any CPU
		{52C29B29-F285-4F03-A0BF-11857405C823}.Release|Any CPU.Build.0 = Release|Any CPU
		{4EBE3905-AD9F-41AA-89BA-2AA9F2A2B371}.Debug|Any CPU.ActiveCfg = Debug|Any CPU
		{4EBE3905-AD9F-41AA-89BA-2AA9F2A2B371}.Debug|Any CPU.Build.0 = Debug|Any CPU
		{4EBE3905-AD9F-41AA-89BA-2AA9F2A2B371}.Release|Any CPU.ActiveCfg = Release|Any CPU
		{4EBE3905-AD9F-41AA-89BA-2AA9F2A2B371}.Release|Any CPU.Build.0 = Release|Any CPU
	EndGlobalSection
	GlobalSection(SolutionProperties) = preSolution
		HideSolutionNode = FALSE
	EndGlobalSection
EndGlobal
