
Microsoft Visual Studio Solution File, Format Version 12.00
# Visual Studio Express 2013 for Windows Desktop
VisualStudioVersion = 12.0.40629.0
MinimumVisualStudioVersion = 10.0.40219.1
Project("{FAE04EC0-301F-11D3-BF4B-00C04F79EFBC}") = "InternalModifiers", "InternalModifiers\InternalModifiers.csproj", "{90C7AD60-8A7D-47C1-B1D1-02667575385C}"
EndProject
Project("{FAE04EC0-301F-11D3-BF4B-00C04F79EFBC}") = "AssemblyOne", "AssemblyOne\AssemblyOne.csproj", "{D7A498E2-05C2-41EA-A4FB-184A72955737}"
EndProject
Project("{FAE04EC0-301F-11D3-BF4B-00C04F79EFBC}") = "AssemblyTwo", "AssamblyTwo\AssemblyTwo.csproj", "{53F9BB4B-0337-46E8-B855-29E7BB15A11B}"
EndProject
Global
	GlobalSection(SolutionConfigurationPlatforms) = preSolution
		Debug|Any CPU = Debug|Any CPU
		Release|Any CPU = Release|Any CPU
	EndGlobalSection
	GlobalSection(ProjectConfigurationPlatforms) = postSolution
		{90C7AD60-8A7D-47C1-B1D1-02667575385C}.Debug|Any CPU.ActiveCfg = Debug|Any CPU
		{90C7AD60-8A7D-47C1-B1D1-02667575385C}.Debug|Any CPU.Build.0 = Debug|Any CPU
		{90C7AD60-8A7D-47C1-B1D1-02667575385C}.Release|Any CPU.ActiveCfg = Release|Any CPU
		{90C7AD60-8A7D-47C1-B1D1-02667575385C}.Release|Any CPU.Build.0 = Release|Any CPU
		{D7A498E2-05C2-41EA-A4FB-184A72955737}.Debug|Any CPU.ActiveCfg = Debug|Any CPU
		{D7A498E2-05C2-41EA-A4FB-184A72955737}.Debug|Any CPU.Build.0 = Debug|Any CPU
		{D7A498E2-05C2-41EA-A4FB-184A72955737}.Release|Any CPU.ActiveCfg = Release|Any CPU
		{D7A498E2-05C2-41EA-A4FB-184A72955737}.Release|Any CPU.Build.0 = Release|Any CPU
		{53F9BB4B-0337-46E8-B855-29E7BB15A11B}.Debug|Any CPU.ActiveCfg = Debug|Any CPU
		{53F9BB4B-0337-46E8-B855-29E7BB15A11B}.Debug|Any CPU.Build.0 = Debug|Any CPU
		{53F9BB4B-0337-46E8-B855-29E7BB15A11B}.Release|Any CPU.ActiveCfg = Release|Any CPU
		{53F9BB4B-0337-46E8-B855-29E7BB15A11B}.Release|Any CPU.Build.0 = Release|Any CPU
	EndGlobalSection
	GlobalSection(SolutionProperties) = preSolution
		HideSolutionNode = FALSE
	EndGlobalSection
EndGlobal
